
Microsoft Visual Studio Solution File, Format Version 12.00
# Visual Studio Version 16
VisualStudioVersion = 16.0.30717.126
MinimumVisualStudioVersion = 10.0.40219.1
Project("{FAE04EC0-301F-11D3-BF4B-00C04F79EFBC}") = "eCommerce", "eCommerce\eCommerce.csproj", "{D7A74781-BA19-4E3E-9548-00B53CD1517A}"
EndProject
Project("{FAE04EC0-301F-11D3-BF4B-00C04F79EFBC}") = "eCommerce_Model", "eCommerce_Model\eCommerce_Model.csproj", "{3DE51375-ADC0-4248-B0D0-C96E1EDDA31A}"
EndProject
Project("{FAE04EC0-301F-11D3-BF4B-00C04F79EFBC}") = "eCommerce_DataAccess", "eCommerce_DataAccess\eCommerce_DataAccess.csproj", "{C9E0C43D-0141-460D-BD3E-CDCDD53FAC42}"
EndProject
Project("{FAE04EC0-301F-11D3-BF4B-00C04F79EFBC}") = "eCommerce_Utility", "eCommerce_Utility\eCommerce_Utility.csproj", "{B7645971-A62E-4D71-B984-53EA72E4876F}"
EndProject
Project("{FAE04EC0-301F-11D3-BF4B-00C04F79EFBC}") = "eCommerceTestProject", "eCommerceTestProject\eCommerceTestProject.csproj", "{C4E97569-B7F5-4124-A573-3BA19B71B688}"
EndProject
Global
	GlobalSection(SolutionConfigurationPlatforms) = preSolution
		Debug|Any CPU = Debug|Any CPU
		Release|Any CPU = Release|Any CPU
	EndGlobalSection
	GlobalSection(ProjectConfigurationPlatforms) = postSolution
		{D7A74781-BA19-4E3E-9548-00B53CD1517A}.Debug|Any CPU.ActiveCfg = Debug|Any CPU
		{D7A74781-BA19-4E3E-9548-00B53CD1517A}.Debug|Any CPU.Build.0 = Debug|Any CPU
		{D7A74781-BA19-4E3E-9548-00B53CD1517A}.Release|Any CPU.ActiveCfg = Release|Any CPU
		{D7A74781-BA19-4E3E-9548-00B53CD1517A}.Release|Any CPU.Build.0 = Release|Any CPU
		{3DE51375-ADC0-4248-B0D0-C96E1EDDA31A}.Debug|Any CPU.ActiveCfg = Debug|Any CPU
		{3DE51375-ADC0-4248-B0D0-C96E1EDDA31A}.Debug|Any CPU.Build.0 = Debug|Any CPU
		{3DE51375-ADC0-4248-B0D0-C96E1EDDA31A}.Release|Any CPU.ActiveCfg = Release|Any CPU
		{3DE51375-ADC0-4248-B0D0-C96E1EDDA31A}.Release|Any CPU.Build.0 = Release|Any CPU
		{C9E0C43D-0141-460D-BD3E-CDCDD53FAC42}.Debug|Any CPU.ActiveCfg = Debug|Any CPU
		{C9E0C43D-0141-460D-BD3E-CDCDD53FAC42}.Debug|Any CPU.Build.0 = Debug|Any CPU
		{C9E0C43D-0141-460D-BD3E-CDCDD53FAC42}.Release|Any CPU.ActiveCfg = Release|Any CPU
		{C9E0C43D-0141-460D-BD3E-CDCDD53FAC42}.Release|Any CPU.Build.0 = Release|Any CPU
		{B7645971-A62E-4D71-B984-53EA72E4876F}.Debug|Any CPU.ActiveCfg = Debug|Any CPU
		{B7645971-A62E-4D71-B984-53EA72E4876F}.Debug|Any CPU.Build.0 = Debug|Any CPU
		{B7645971-A62E-4D71-B984-53EA72E4876F}.Release|Any CPU.ActiveCfg = Release|Any CPU
		{B7645971-A62E-4D71-B984-53EA72E4876F}.Release|Any CPU.Build.0 = Release|Any CPU
		{C4E97569-B7F5-4124-A573-3BA19B71B688}.Debug|Any CPU.ActiveCfg = Debug|Any CPU
		{C4E97569-B7F5-4124-A573-3BA19B71B688}.Debug|Any CPU.Build.0 = Debug|Any CPU
		{C4E97569-B7F5-4124-A573-3BA19B71B688}.Release|Any CPU.ActiveCfg = Release|Any CPU
		{C4E97569-B7F5-4124-A573-3BA19B71B688}.Release|Any CPU.Build.0 = Release|Any CPU
	EndGlobalSection
	GlobalSection(SolutionProperties) = preSolution
		HideSolutionNode = FALSE
	EndGlobalSection
	GlobalSection(ExtensibilityGlobals) = postSolution
		SolutionGuid = {E33BCDA6-DF88-4B30-A97D-72D5BAB892F1}
	EndGlobalSection
EndGlobal
